
Microsoft Visual Studio Solution File, Format Version 12.00
# Visual Studio Version 16
VisualStudioVersion = 16.0.31729.503
MinimumVisualStudioVersion = 10.0.40219.1
Project("{FAE04EC0-301F-11D3-BF4B-00C04F79EFBC}") = "QueueUc3", "QueueUc3\QueueUc3.csproj", "{07131FB8-AC45-4066-98C1-C1E3FE95D12C}"
EndProject
Global
	GlobalSection(SolutionConfigurationPlatforms) = preSolution
		Debug|Any CPU = Debug|Any CPU
		Release|Any CPU = Release|Any CPU
	EndGlobalSection
	GlobalSection(ProjectConfigurationPlatforms) = postSolution
		{07131FB8-AC45-4066-98C1-C1E3FE95D12C}.Debug|Any CPU.ActiveCfg = Debug|Any CPU
		{07131FB8-AC45-4066-98C1-C1E3FE95D12C}.Debug|Any CPU.Build.0 = Debug|Any CPU
		{07131FB8-AC45-4066-98C1-C1E3FE95D12C}.Release|Any CPU.ActiveCfg = Release|Any CPU
		{07131FB8-AC45-4066-98C1-C1E3FE95D12C}.Release|Any CPU.Build.0 = Release|Any CPU
	EndGlobalSection
	GlobalSection(SolutionProperties) = preSolution
		HideSolutionNode = FALSE
	EndGlobalSection
	GlobalSection(ExtensibilityGlobals) = postSolution
		SolutionGuid = {D66885DA-E196-4ADB-AA9F-BC9DA83C82C2}
	EndGlobalSection
EndGlobal
