
Microsoft Visual Studio Solution File, Format Version 12.00
# Visual Studio Version 16
VisualStudioVersion = 16.0.31729.503
MinimumVisualStudioVersion = 10.0.40219.1
Project("{FAE04EC0-301F-11D3-BF4B-00C04F79EFBC}") = "StackUc2", "StackUc2\StackUc2.csproj", "{6FECDDD6-2DB2-4BEC-8F05-2D35FB2CFE42}"
EndProject
Global
	GlobalSection(SolutionConfigurationPlatforms) = preSolution
		Debug|Any CPU = Debug|Any CPU
		Release|Any CPU = Release|Any CPU
	EndGlobalSection
	GlobalSection(ProjectConfigurationPlatforms) = postSolution
		{6FECDDD6-2DB2-4BEC-8F05-2D35FB2CFE42}.Debug|Any CPU.ActiveCfg = Debug|Any CPU
		{6FECDDD6-2DB2-4BEC-8F05-2D35FB2CFE42}.Debug|Any CPU.Build.0 = Debug|Any CPU
		{6FECDDD6-2DB2-4BEC-8F05-2D35FB2CFE42}.Release|Any CPU.ActiveCfg = Release|Any CPU
		{6FECDDD6-2DB2-4BEC-8F05-2D35FB2CFE42}.Release|Any CPU.Build.0 = Release|Any CPU
	EndGlobalSection
	GlobalSection(SolutionProperties) = preSolution
		HideSolutionNode = FALSE
	EndGlobalSection
	GlobalSection(ExtensibilityGlobals) = postSolution
		SolutionGuid = {DB0EC689-79F3-4F90-B08B-EF05DE692DB6}
	EndGlobalSection
EndGlobal
