
Microsoft Visual Studio Solution File, Format Version 12.00
# Visual Studio Version 16
VisualStudioVersion = 16.0.31729.503
MinimumVisualStudioVersion = 10.0.40219.1
Project("{FAE04EC0-301F-11D3-BF4B-00C04F79EFBC}") = "InventoryDataManagement", "InventoryDataManagement\InventoryDataManagement.csproj", "{45D84511-83EE-4E83-8C4B-0D8DAD6A21F3}"
EndProject
Global
	GlobalSection(SolutionConfigurationPlatforms) = preSolution
		Debug|Any CPU = Debug|Any CPU
		Release|Any CPU = Release|Any CPU
	EndGlobalSection
	GlobalSection(ProjectConfigurationPlatforms) = postSolution
		{45D84511-83EE-4E83-8C4B-0D8DAD6A21F3}.Debug|Any CPU.ActiveCfg = Debug|Any CPU
		{45D84511-83EE-4E83-8C4B-0D8DAD6A21F3}.Debug|Any CPU.Build.0 = Debug|Any CPU
		{45D84511-83EE-4E83-8C4B-0D8DAD6A21F3}.Release|Any CPU.ActiveCfg = Release|Any CPU
		{45D84511-83EE-4E83-8C4B-0D8DAD6A21F3}.Release|Any CPU.Build.0 = Release|Any CPU
	EndGlobalSection
	GlobalSection(SolutionProperties) = preSolution
		HideSolutionNode = FALSE
	EndGlobalSection
	GlobalSection(ExtensibilityGlobals) = postSolution
		SolutionGuid = {AB601A87-C2C3-4130-848D-4E1F925AF3D8}
	EndGlobalSection
EndGlobal
