
Microsoft Visual Studio Solution File, Format Version 12.00
# Visual Studio Version 16
VisualStudioVersion = 16.0.31729.503
MinimumVisualStudioVersion = 10.0.40219.1
Project("{FAE04EC0-301F-11D3-BF4B-00C04F79EFBC}") = "MStestRegetration", "MStestRegetration\MStestRegetration.csproj", "{A5B5D605-D64D-4E90-8858-3DA16A1DD785}"
EndProject
Project("{FAE04EC0-301F-11D3-BF4B-00C04F79EFBC}") = "TestingValidRegistration", "TestingValidRegistration\TestingValidRegistration.csproj", "{CCD1D4B2-67C4-4560-ADA8-2D5F2A3ADBB6}"
EndProject
Global
	GlobalSection(SolutionConfigurationPlatforms) = preSolution
		Debug|Any CPU = Debug|Any CPU
		Release|Any CPU = Release|Any CPU
	EndGlobalSection
	GlobalSection(ProjectConfigurationPlatforms) = postSolution
		{A5B5D605-D64D-4E90-8858-3DA16A1DD785}.Debug|Any CPU.ActiveCfg = Debug|Any CPU
		{A5B5D605-D64D-4E90-8858-3DA16A1DD785}.Debug|Any CPU.Build.0 = Debug|Any CPU
		{A5B5D605-D64D-4E90-8858-3DA16A1DD785}.Release|Any CPU.ActiveCfg = Release|Any CPU
		{A5B5D605-D64D-4E90-8858-3DA16A1DD785}.Release|Any CPU.Build.0 = Release|Any CPU
		{CCD1D4B2-67C4-4560-ADA8-2D5F2A3ADBB6}.Debug|Any CPU.ActiveCfg = Debug|Any CPU
		{CCD1D4B2-67C4-4560-ADA8-2D5F2A3ADBB6}.Debug|Any CPU.Build.0 = Debug|Any CPU
		{CCD1D4B2-67C4-4560-ADA8-2D5F2A3ADBB6}.Release|Any CPU.ActiveCfg = Release|Any CPU
		{CCD1D4B2-67C4-4560-ADA8-2D5F2A3ADBB6}.Release|Any CPU.Build.0 = Release|Any CPU
	EndGlobalSection
	GlobalSection(SolutionProperties) = preSolution
		HideSolutionNode = FALSE
	EndGlobalSection
	GlobalSection(ExtensibilityGlobals) = postSolution
		SolutionGuid = {FA86FEFE-52DA-4724-B04B-522732F34A29}
	EndGlobalSection
EndGlobal
