
Microsoft Visual Studio Solution File, Format Version 12.00
# Visual Studio Version 16
VisualStudioVersion = 16.0.31729.503
MinimumVisualStudioVersion = 10.0.40219.1
Project("{FAE04EC0-301F-11D3-BF4B-00C04F79EFBC}") = "HashTable", "HashTable\HashTable.csproj", "{1D62F24E-3754-41BA-A4CF-9A9846656A65}"
EndProject
Global
	GlobalSection(SolutionConfigurationPlatforms) = preSolution
		Debug|Any CPU = Debug|Any CPU
		Release|Any CPU = Release|Any CPU
	EndGlobalSection
	GlobalSection(ProjectConfigurationPlatforms) = postSolution
		{1D62F24E-3754-41BA-A4CF-9A9846656A65}.Debug|Any CPU.ActiveCfg = Debug|Any CPU
		{1D62F24E-3754-41BA-A4CF-9A9846656A65}.Debug|Any CPU.Build.0 = Debug|Any CPU
		{1D62F24E-3754-41BA-A4CF-9A9846656A65}.Release|Any CPU.ActiveCfg = Release|Any CPU
		{1D62F24E-3754-41BA-A4CF-9A9846656A65}.Release|Any CPU.Build.0 = Release|Any CPU
	EndGlobalSection
	GlobalSection(SolutionProperties) = preSolution
		HideSolutionNode = FALSE
	EndGlobalSection
	GlobalSection(ExtensibilityGlobals) = postSolution
		SolutionGuid = {14CC467C-6831-4A80-8B4E-35313B00C426}
	EndGlobalSection
EndGlobal
