
Microsoft Visual Studio Solution File, Format Version 12.00
# Visual Studio Version 16
VisualStudioVersion = 16.0.31729.503
MinimumVisualStudioVersion = 10.0.40219.1
Project("{FAE04EC0-301F-11D3-BF4B-00C04F79EFBC}") = "BubbleAlogrithm", "Alogrithm\BubbleAlogrithm.csproj", "{A300542D-D186-47E7-80A8-76E013515CCB}"
EndProject
Global
	GlobalSection(SolutionConfigurationPlatforms) = preSolution
		Debug|Any CPU = Debug|Any CPU
		Release|Any CPU = Release|Any CPU
	EndGlobalSection
	GlobalSection(ProjectConfigurationPlatforms) = postSolution
		{A300542D-D186-47E7-80A8-76E013515CCB}.Debug|Any CPU.ActiveCfg = Debug|Any CPU
		{A300542D-D186-47E7-80A8-76E013515CCB}.Debug|Any CPU.Build.0 = Debug|Any CPU
		{A300542D-D186-47E7-80A8-76E013515CCB}.Release|Any CPU.ActiveCfg = Release|Any CPU
		{A300542D-D186-47E7-80A8-76E013515CCB}.Release|Any CPU.Build.0 = Release|Any CPU
	EndGlobalSection
	GlobalSection(SolutionProperties) = preSolution
		HideSolutionNode = FALSE
	EndGlobalSection
	GlobalSection(ExtensibilityGlobals) = postSolution
		SolutionGuid = {E7018018-5554-427D-870B-CFD669444B3F}
	EndGlobalSection
EndGlobal
